// !$*UTF8*$!
{
	archiveVersion = 1;
	classes = {
	};
	objectVersion = 50;
	objects = {

/* Begin PBXBuildFile section */
		48FBC53FD7393C82F3216CD4 /* Pods_Swifty_Weather.framework in Frameworks */ = {isa = PBXBuildFile; fileRef = 6E54FFDF1818E8CAAD06611B /* Pods_Swifty_Weather.framework */; };
		9D95A20A2217338A00109D35 /* CityViewController.swift in Sources */ = {isa = PBXBuildFile; fileRef = 9D95A2092217338A00109D35 /* CityViewController.swift */; };
		9DB0830822175BA4005ED8A1 /* customButton.swift in Sources */ = {isa = PBXBuildFile; fileRef = 9DB0830722175BA4005ED8A1 /* customButton.swift */; };
		9DB0831222176E7D005ED8A1 /* ss1.jpg in Resources */ = {isa = PBXBuildFile; fileRef = 9DB0831022176E7D005ED8A1 /* ss1.jpg */; };
		9DB0831322176E7D005ED8A1 /* ss2.jpg in Resources */ = {isa = PBXBuildFile; fileRef = 9DB0831122176E7D005ED8A1 /* ss2.jpg */; };
		9DB7F5FE221607C80031B0AE /* .gitignore in Resources */ = {isa = PBXBuildFile; fileRef = 9DB7F5FD221607C80031B0AE /* .gitignore */; };
		9DB7F60022160ABA0031B0AE /* weatherData.swift in Sources */ = {isa = PBXBuildFile; fileRef = 9DB7F5FF22160ABA0031B0AE /* weatherData.swift */; };
		9DBAA3B02214C58900596344 /* AppDelegate.swift in Sources */ = {isa = PBXBuildFile; fileRef = 9DBAA3AF2214C58900596344 /* AppDelegate.swift */; };
		9DBAA3B22214C58900596344 /* ViewController.swift in Sources */ = {isa = PBXBuildFile; fileRef = 9DBAA3B12214C58900596344 /* ViewController.swift */; };
		9DBAA3B52214C58900596344 /* Main.storyboard in Resources */ = {isa = PBXBuildFile; fileRef = 9DBAA3B32214C58900596344 /* Main.storyboard */; };
		9DBAA3B72214C58D00596344 /* Assets.xcassets in Resources */ = {isa = PBXBuildFile; fileRef = 9DBAA3B62214C58D00596344 /* Assets.xcassets */; };
		9DBAA3BA2214C58D00596344 /* LaunchScreen.storyboard in Resources */ = {isa = PBXBuildFile; fileRef = 9DBAA3B82214C58D00596344 /* LaunchScreen.storyboard */; };
/* End PBXBuildFile section */

/* Begin PBXFileReference section */
		66E1083AA2DD289E82085964 /* Pods-Swifty-Weather.debug.xcconfig */ = {isa = PBXFileReference; includeInIndex = 1; lastKnownFileType = text.xcconfig; name = "Pods-Swifty-Weather.debug.xcconfig"; path = "Pods/Target Support Files/Pods-Swifty-Weather/Pods-Swifty-Weather.debug.xcconfig"; sourceTree = "<group>"; };
		6E54FFDF1818E8CAAD06611B /* Pods_Swifty_Weather.framework */ = {isa = PBXFileReference; explicitFileType = wrapper.framework; includeInIndex = 0; path = Pods_Swifty_Weather.framework; sourceTree = BUILT_PRODUCTS_DIR; };
		9D95A2092217338A00109D35 /* CityViewController.swift */ = {isa = PBXFileReference; lastKnownFileType = sourcecode.swift; path = CityViewController.swift; sourceTree = "<group>"; };
		9DB0830722175BA4005ED8A1 /* customButton.swift */ = {isa = PBXFileReference; lastKnownFileType = sourcecode.swift; path = customButton.swift; sourceTree = "<group>"; };
		9DB0831022176E7D005ED8A1 /* ss1.jpg */ = {isa = PBXFileReference; lastKnownFileType = image.jpeg; path = ss1.jpg; sourceTree = "<group>"; };
		9DB0831122176E7D005ED8A1 /* ss2.jpg */ = {isa = PBXFileReference; lastKnownFileType = image.jpeg; path = ss2.jpg; sourceTree = "<group>"; };
		9DB7F5FD221607C80031B0AE /* .gitignore */ = {isa = PBXFileReference; lastKnownFileType = text; path = .gitignore; sourceTree = "<group>"; };
		9DB7F5FF22160ABA0031B0AE /* weatherData.swift */ = {isa = PBXFileReference; lastKnownFileType = sourcecode.swift; path = weatherData.swift; sourceTree = "<group>"; };
		9DBAA3AC2214C58900596344 /* Swifty-Weather.app */ = {isa = PBXFileReference; explicitFileType = wrapper.application; includeInIndex = 0; path = "Swifty-Weather.app"; sourceTree = BUILT_PRODUCTS_DIR; };
		9DBAA3AF2214C58900596344 /* AppDelegate.swift */ = {isa = PBXFileReference; lastKnownFileType = sourcecode.swift; path = AppDelegate.swift; sourceTree = "<group>"; };
		9DBAA3B12214C58900596344 /* ViewController.swift */ = {isa = PBXFileReference; lastKnownFileType = sourcecode.swift; path = ViewController.swift; sourceTree = "<group>"; };
		9DBAA3B42214C58900596344 /* Base */ = {isa = PBXFileReference; lastKnownFileType = file.storyboard; name = Base; path = Base.lproj/Main.storyboard; sourceTree = "<group>"; };
		9DBAA3B62214C58D00596344 /* Assets.xcassets */ = {isa = PBXFileReference; lastKnownFileType = folder.assetcatalog; path = Assets.xcassets; sourceTree = "<group>"; };
		9DBAA3B92214C58D00596344 /* Base */ = {isa = PBXFileReference; lastKnownFileType = file.storyboard; name = Base; path = Base.lproj/LaunchScreen.storyboard; sourceTree = "<group>"; };
		9DBAA3BB2214C58D00596344 /* Info.plist */ = {isa = PBXFileReference; lastKnownFileType = text.plist.xml; path = Info.plist; sourceTree = "<group>"; };
		CBA79B4CC1AC78EF5994D563 /* Pods-Swifty-Weather.release.xcconfig */ = {isa = PBXFileReference; includeInIndex = 1; lastKnownFileType = text.xcconfig; name = "Pods-Swifty-Weather.release.xcconfig"; path = "Pods/Target Support Files/Pods-Swifty-Weather/Pods-Swifty-Weather.release.xcconfig"; sourceTree = "<group>"; };
/* End PBXFileReference section */

/* Begin PBXFrameworksBuildPhase section */
		9DBAA3A92214C58900596344 /* Frameworks */ = {
			isa = PBXFrameworksBuildPhase;
			buildActionMask = 2147483647;
			files = (
				48FBC53FD7393C82F3216CD4 /* Pods_Swifty_Weather.framework in Frameworks */,
			);
			runOnlyForDeploymentPostprocessing = 0;
		};
/* End PBXFrameworksBuildPhase section */

/* Begin PBXGroup section */
		40318399812DBC6A3564E1B8 /* Frameworks */ = {
			isa = PBXGroup;
			children = (
				6E54FFDF1818E8CAAD06611B /* Pods_Swifty_Weather.framework */,
			);
			name = Frameworks;
			sourceTree = "<group>";
		};
		9DB08309221768BF005ED8A1 /* Screenshots */ = {
			isa = PBXGroup;
			children = (
				9DB0831022176E7D005ED8A1 /* ss1.jpg */,
				9DB0831122176E7D005ED8A1 /* ss2.jpg */,
			);
			path = Screenshots;
			sourceTree = "<group>";
		};
		9DB7F60122160AC20031B0AE /* Model */ = {
			isa = PBXGroup;
			children = (
				9DB7F5FF22160ABA0031B0AE /* weatherData.swift */,
			);
			path = Model;
			sourceTree = "<group>";
		};
		9DB7F60222160ACE0031B0AE /* View */ = {
			isa = PBXGroup;
			children = (
				9DBAA3B32214C58900596344 /* Main.storyboard */,
				9DB0830722175BA4005ED8A1 /* customButton.swift */,
			);
			path = View;
			sourceTree = "<group>";
		};
		9DB7F60322160AD70031B0AE /* Controller */ = {
			isa = PBXGroup;
			children = (
				9DBAA3B12214C58900596344 /* ViewController.swift */,
				9D95A2092217338A00109D35 /* CityViewController.swift */,
			);
			path = Controller;
			sourceTree = "<group>";
		};
		9DBAA3A32214C58900596344 = {
			isa = PBXGroup;
			children = (
				9DBAA3AE2214C58900596344 /* Swifty-Weather */,
				9DBAA3AD2214C58900596344 /* Products */,
				AE8E4C6F1CDE2697D33D9D33 /* Pods */,
				40318399812DBC6A3564E1B8 /* Frameworks */,
			);
			sourceTree = "<group>";
		};
		9DBAA3AD2214C58900596344 /* Products */ = {
			isa = PBXGroup;
			children = (
				9DBAA3AC2214C58900596344 /* Swifty-Weather.app */,
			);
			name = Products;
			sourceTree = "<group>";
		};
		9DBAA3AE2214C58900596344 /* Swifty-Weather */ = {
			isa = PBXGroup;
			children = (
				9DB7F60322160AD70031B0AE /* Controller */,
				9DB7F60222160ACE0031B0AE /* View */,
				9DB7F60122160AC20031B0AE /* Model */,
				9DB08309221768BF005ED8A1 /* Screenshots */,
				9DBAA3AF2214C58900596344 /* AppDelegate.swift */,
				9DBAA3B62214C58D00596344 /* Assets.xcassets */,
				9DBAA3B82214C58D00596344 /* LaunchScreen.storyboard */,
				9DBAA3BB2214C58D00596344 /* Info.plist */,
				9DB7F5FD221607C80031B0AE /* .gitignore */,
			);
			path = "Swifty-Weather";
			sourceTree = "<group>";
		};
		AE8E4C6F1CDE2697D33D9D33 /* Pods */ = {
			isa = PBXGroup;
			children = (
				66E1083AA2DD289E82085964 /* Pods-Swifty-Weather.debug.xcconfig */,
				CBA79B4CC1AC78EF5994D563 /* Pods-Swifty-Weather.release.xcconfig */,
			);
			name = Pods;
			sourceTree = "<group>";
		};
/* End PBXGroup section */

/* Begin PBXNativeTarget section */
		9DBAA3AB2214C58900596344 /* Swifty-Weather */ = {
			isa = PBXNativeTarget;
			buildConfigurationList = 9DBAA3BE2214C58D00596344 /* Build configuration list for PBXNativeTarget "Swifty-Weather" */;
			buildPhases = (
				A67543D15B3A89A82A60CBC2 /* [CP] Check Pods Manifest.lock */,
				9DBAA3A82214C58900596344 /* Sources */,
				9DBAA3A92214C58900596344 /* Frameworks */,
				9DBAA3AA2214C58900596344 /* Resources */,
				A9EF885A399747074CE3F0EB /* [CP] Embed Pods Frameworks */,
			);
			buildRules = (
			);
			dependencies = (
			);
			name = "Swifty-Weather";
			productName = "Swifty-Weather";
			productReference = 9DBAA3AC2214C58900596344 /* Swifty-Weather.app */;
			productType = "com.apple.product-type.application";
		};
/* End PBXNativeTarget section */

/* Begin PBXProject section */
		9DBAA3A42214C58900596344 /* Project object */ = {
			isa = PBXProject;
			attributes = {
				LastSwiftUpdateCheck = 1010;
				LastUpgradeCheck = 1010;
				ORGANIZATIONNAME = "Ankit Saxena";
				TargetAttributes = {
					9DBAA3AB2214C58900596344 = {
						CreatedOnToolsVersion = 10.1;
					};
				};
			};
			buildConfigurationList = 9DBAA3A72214C58900596344 /* Build configuration list for PBXProject "Swifty-Weather" */;
			compatibilityVersion = "Xcode 9.3";
			developmentRegion = en;
			hasScannedForEncodings = 0;
			knownRegions = (
				en,
				Base,
			);
			mainGroup = 9DBAA3A32214C58900596344;
			productRefGroup = 9DBAA3AD2214C58900596344 /* Products */;
			projectDirPath = "";
			projectRoot = "";
			targets = (
				9DBAA3AB2214C58900596344 /* Swifty-Weather */,
			);
		};
/* End PBXProject section */

/* Begin PBXResourcesBuildPhase section */
		9DBAA3AA2214C58900596344 /* Resources */ = {
			isa = PBXResourcesBuildPhase;
			buildActionMask = 2147483647;
			files = (
				9DB7F5FE221607C80031B0AE /* .gitignore in Resources */,
				9DB0831322176E7D005ED8A1 /* ss2.jpg in Resources */,
				9DBAA3BA2214C58D00596344 /* LaunchScreen.storyboard in Resources */,
				9DB0831222176E7D005ED8A1 /* ss1.jpg in Resources */,
				9DBAA3B72214C58D00596344 /* Assets.xcassets in Resources */,
				9DBAA3B52214C58900596344 /* Main.storyboard in Resources */,
			);
			runOnlyForDeploymentPostprocessing = 0;
		};
/* End PBXResourcesBuildPhase section */

/* Begin PBXShellScriptBuildPhase section */
		A67543D15B3A89A82A60CBC2 /* [CP] Check Pods Manifest.lock */ = {
			isa = PBXShellScriptBuildPhase;
			buildActionMask = 2147483647;
			files = (
			);
			inputFileListPaths = (
			);
			inputPaths = (
				"${PODS_PODFILE_DIR_PATH}/Podfile.lock",
				"${PODS_ROOT}/Manifest.lock",
			);
			name = "[CP] Check Pods Manifest.lock";
			outputFileListPaths = (
			);
			outputPaths = (
				"$(DERIVED_FILE_DIR)/Pods-Swifty-Weather-checkManifestLockResult.txt",
			);
			runOnlyForDeploymentPostprocessing = 0;
			shellPath = /bin/sh;
			shellScript = "diff \"${PODS_PODFILE_DIR_PATH}/Podfile.lock\" \"${PODS_ROOT}/Manifest.lock\" > /dev/null\nif [ $? != 0 ] ; then\n    # print error to STDERR\n    echo \"error: The sandbox is not in sync with the Podfile.lock. Run 'pod install' or update your CocoaPods installation.\" >&2\n    exit 1\nfi\n# This output is used by Xcode 'outputs' to avoid re-running this script phase.\necho \"SUCCESS\" > \"${SCRIPT_OUTPUT_FILE_0}\"\n";
			showEnvVarsInLog = 0;
		};
		A9EF885A399747074CE3F0EB /* [CP] Embed Pods Frameworks */ = {
			isa = PBXShellScriptBuildPhase;
			buildActionMask = 2147483647;
			files = (
			);
			inputFileListPaths = (
			);
			inputPaths = (
				"${SRCROOT}/Pods/Target Support Files/Pods-Swifty-Weather/Pods-Swifty-Weather-frameworks.sh",
				"${BUILT_PRODUCTS_DIR}/Alamofire/Alamofire.framework",
				"${BUILT_PRODUCTS_DIR}/SwiftyJSON/SwiftyJSON.framework",
			);
			name = "[CP] Embed Pods Frameworks";
			outputFileListPaths = (
			);
			outputPaths = (
				"${TARGET_BUILD_DIR}/${FRAMEWORKS_FOLDER_PATH}/Alamofire.framework",
				"${TARGET_BUILD_DIR}/${FRAMEWORKS_FOLDER_PATH}/SwiftyJSON.framework",
			);
			runOnlyForDeploymentPostprocessing = 0;
			shellPath = /bin/sh;
			shellScript = "\"${SRCROOT}/Pods/Target Support Files/Pods-Swifty-Weather/Pods-Swifty-Weather-frameworks.sh\"\n";
			showEnvVarsInLog = 0;
		};
/* End PBXShellScriptBuildPhase section */

/* Begin PBXSourcesBuildPhase section */
		9DBAA3A82214C58900596344 /* Sources */ = {
			isa = PBXSourcesBuildPhase;
			buildActionMask = 2147483647;
			files = (
				9DBAA3B22214C58900596344 /* ViewController.swift in Sources */,
				9DBAA3B02214C58900596344 /* AppDelegate.swift in Sources */,
				9DB7F60022160ABA0031B0AE /* weatherData.swift in Sources */,
				9D95A20A2217338A00109D35 /* CityViewController.swift in Sources */,
				9DB0830822175BA4005ED8A1 /* customButton.swift in Sources */,
			);
			runOnlyForDeploymentPostprocessing = 0;
		};
/* End PBXSourcesBuildPhase section */

/* Begin PBXVariantGroup section */
		9DBAA3B32214C58900596344 /* Main.storyboard */ = {
			isa = PBXVariantGroup;
			children = (
				9DBAA3B42214C58900596344 /* Base */,
			);
			name = Main.storyboard;
			sourceTree = "<group>";
		};
		9DBAA3B82214C58D00596344 /* LaunchScreen.storyboard */ = {
			isa = PBXVariantGroup;
			children = (
				9DBAA3B92214C58D00596344 /* Base */,
			);
			name = LaunchScreen.storyboard;
			sourceTree = "<group>";
		};
/* End PBXVariantGroup section */

/* Begin XCBuildConfiguration section */
		9DBAA3BC2214C58D00596344 /* Debug */ = {
			isa = XCBuildConfiguration;
			buildSettings = {
				ALWAYS_SEARCH_USER_PATHS = NO;
				CLANG_ANALYZER_NONNULL = YES;
				CLANG_ANALYZER_NUMBER_OBJECT_CONVERSION = YES_AGGRESSIVE;
				CLANG_CXX_LANGUAGE_STANDARD = "gnu++14";
				CLANG_CXX_LIBRARY = "libc++";
				CLANG_ENABLE_MODULES = YES;
				CLANG_ENABLE_OBJC_ARC = YES;
				CLANG_ENABLE_OBJC_WEAK = YES;
				CLANG_WARN_BLOCK_CAPTURE_AUTORELEASING = YES;
				CLANG_WARN_BOOL_CONVERSION = YES;
				CLANG_WARN_COMMA = YES;
				CLANG_WARN_CONSTANT_CONVERSION = YES;
				CLANG_WARN_DEPRECATED_OBJC_IMPLEMENTATIONS = YES;
				CLANG_WARN_DIRECT_OBJC_ISA_USAGE = YES_ERROR;
				CLANG_WARN_DOCUMENTATION_COMMENTS = YES;
				CLANG_WARN_EMPTY_BODY = YES;
				CLANG_WARN_ENUM_CONVERSION = YES;
				CLANG_WARN_INFINITE_RECURSION = YES;
				CLANG_WARN_INT_CONVERSION = YES;
				CLANG_WARN_NON_LITERAL_NULL_CONVERSION = YES;
				CLANG_WARN_OBJC_IMPLICIT_RETAIN_SELF = YES;
				CLANG_WARN_OBJC_LITERAL_CONVERSION = YES;
				CLANG_WARN_OBJC_ROOT_CLASS = YES_ERROR;
				CLANG_WARN_RANGE_LOOP_ANALYSIS = YES;
				CLANG_WARN_STRICT_PROTOTYPES = YES;
				CLANG_WARN_SUSPICIOUS_MOVE = YES;
				CLANG_WARN_UNGUARDED_AVAILABILITY = YES_AGGRESSIVE;
				CLANG_WARN_UNREACHABLE_CODE = YES;
				CLANG_WARN__DUPLICATE_METHOD_MATCH = YES;
				CODE_SIGN_IDENTITY = "iPhone Developer";
				COPY_PHASE_STRIP = NO;
				DEBUG_INFORMATION_FORMAT = dwarf;
				ENABLE_STRICT_OBJC_MSGSEND = YES;
				ENABLE_TESTABILITY = YES;
				GCC_C_LANGUAGE_STANDARD = gnu11;
				GCC_DYNAMIC_NO_PIC = NO;
				GCC_NO_COMMON_BLOCKS = YES;
				GCC_OPTIMIZATION_LEVEL = 0;
				GCC_PREPROCESSOR_DEFINITIONS = (
					"DEBUG=1",
					"$(inherited)",
				);
				GCC_WARN_64_TO_32_BIT_CONVERSION = YES;
				GCC_WARN_ABOUT_RETURN_TYPE = YES_ERROR;
				GCC_WARN_UNDECLARED_SELECTOR = YES;
				GCC_WARN_UNINITIALIZED_AUTOS = YES_AGGRESSIVE;
				GCC_WARN_UNUSED_FUNCTION = YES;
				GCC_WARN_UNUSED_VARIABLE = YES;
				IPHONEOS_DEPLOYMENT_TARGET = 12.1;
				MTL_ENABLE_DEBUG_INFO = INCLUDE_SOURCE;
				MTL_FAST_MATH = YES;
				ONLY_ACTIVE_ARCH = YES;
				SDKROOT = iphoneos;
				SWIFT_ACTIVE_COMPILATION_CONDITIONS = DEBUG;
				SWIFT_OPTIMIZATION_LEVEL = "-Onone";
			};
			name = Debug;
		};
		9DBAA3BD2214C58D00596344 /* Release */ = {
			isa = XCBuildConfiguration;
			buildSettings = {
				ALWAYS_SEARCH_USER_PATHS = NO;
				CLANG_ANALYZER_NONNULL = YES;
				CLANG_ANALYZER_NUMBER_OBJECT_CONVERSION = YES_AGGRESSIVE;
				CLANG_CXX_LANGUAGE_STANDARD = "gnu++14";
				CLANG_CXX_LIBRARY = "libc++";
				CLANG_ENABLE_MODULES = YES;
				CLANG_ENABLE_OBJC_ARC = YES;
				CLANG_ENABLE_OBJC_WEAK = YES;
				CLANG_WARN_BLOCK_CAPTURE_AUTORELEASING = YES;
				CLANG_WARN_BOOL_CONVERSION = YES;
				CLANG_WARN_COMMA = YES;
				CLANG_WARN_CONSTANT_CONVERSION = YES;
				CLANG_WARN_DEPRECATED_OBJC_IMPLEMENTATIONS = YES;
				CLANG_WARN_DIRECT_OBJC_ISA_USAGE = YES_ERROR;
				CLANG_WARN_DOCUMENTATION_COMMENTS = YES;
				CLANG_WARN_EMPTY_BODY = YES;
				CLANG_WARN_ENUM_CONVERSION = YES;
				CLANG_WARN_INFINITE_RECURSION = YES;
				CLANG_WARN_INT_CONVERSION = YES;
				CLANG_WARN_NON_LITERAL_NULL_CONVERSION = YES;
				CLANG_WARN_OBJC_IMPLICIT_RETAIN_SELF = YES;
				CLANG_WARN_OBJC_LITERAL_CONVERSION = YES;
				CLANG_WARN_OBJC_ROOT_CLASS = YES_ERROR;
				CLANG_WARN_RANGE_LOOP_ANALYSIS = YES;
				CLANG_WARN_STRICT_PROTOTYPES = YES;
				CLANG_WARN_SUSPICIOUS_MOVE = YES;
				CLANG_WARN_UNGUARDED_AVAILABILITY = YES_AGGRESSIVE;
				CLANG_WARN_UNREACHABLE_CODE = YES;
				CLANG_WARN__DUPLICATE_METHOD_MATCH = YES;
				CODE_SIGN_IDENTITY = "iPhone Developer";
				COPY_PHASE_STRIP = NO;
				DEBUG_INFORMATION_FORMAT = "dwarf-with-dsym";
				ENABLE_NS_ASSERTIONS = NO;
				ENABLE_STRICT_OBJC_MSGSEND = YES;
				GCC_C_LANGUAGE_STANDARD = gnu11;
				GCC_NO_COMMON_BLOCKS = YES;
				GCC_WARN_64_TO_32_BIT_CONVERSION = YES;
				GCC_WARN_ABOUT_RETURN_TYPE = YES_ERROR;
				GCC_WARN_UNDECLARED_SELECTOR = YES;
				GCC_WARN_UNINITIALIZED_AUTOS = YES_AGGRESSIVE;
				GCC_WARN_UNUSED_FUNCTION = YES;
				GCC_WARN_UNUSED_VARIABLE = YES;
				IPHONEOS_DEPLOYMENT_TARGET = 12.1;
				MTL_ENABLE_DEBUG_INFO = NO;
				MTL_FAST_MATH = YES;
				SDKROOT = iphoneos;
				SWIFT_COMPILATION_MODE = wholemodule;
				SWIFT_OPTIMIZATION_LEVEL = "-O";
				VALIDATE_PRODUCT = YES;
			};
			name = Release;
		};
		9DBAA3BF2214C58D00596344 /* Debug */ = {
			isa = XCBuildConfiguration;
			baseConfigurationReference = 66E1083AA2DD289E82085964 /* Pods-Swifty-Weather.debug.xcconfig */;
			buildSettings = {
				ASSETCATALOG_COMPILER_APPICON_NAME = AppIcon;
				CODE_SIGN_STYLE = Automatic;
				DEVELOPMENT_TEAM = 3XLRLT47KL;
				INFOPLIST_FILE = "Swifty-Weather/Info.plist";
				LD_RUNPATH_SEARCH_PATHS = (
					"$(inherited)",
					"@executable_path/Frameworks",
				);
				PRODUCT_BUNDLE_IDENTIFIER = "com.ankitatdelhii.Swifty-Weather";
				PRODUCT_NAME = "$(TARGET_NAME)";
				SWIFT_VERSION = 4.2;
				TARGETED_DEVICE_FAMILY = "1,2";
			};
			name = Debug;
		};
		9DBAA3C02214C58D00596344 /* Release */ = {
			isa = XCBuildConfiguration;
			baseConfigurationReference = CBA79B4CC1AC78EF5994D563 /* Pods-Swifty-Weather.release.xcconfig */;
			buildSettings = {
				ASSETCATALOG_COMPILER_APPICON_NAME = AppIcon;
				CODE_SIGN_STYLE = Automatic;
				DEVELOPMENT_TEAM = 3XLRLT47KL;
				INFOPLIST_FILE = "Swifty-Weather/Info.plist";
				LD_RUNPATH_SEARCH_PATHS = (
					"$(inherited)",
					"@executable_path/Frameworks",
				);
				PRODUCT_BUNDLE_IDENTIFIER = "com.ankitatdelhii.Swifty-Weather";
				PRODUCT_NAME = "$(TARGET_NAME)";
				SWIFT_VERSION = 4.2;
				TARGETED_DEVICE_FAMILY = "1,2";
			};
			name = Release;
		};
/* End XCBuildConfiguration section */

/* Begin XCConfigurationList section */
		9DBAA3A72214C58900596344 /* Build configuration list for PBXProject "Swifty-Weather" */ = {
			isa = XCConfigurationList;
			buildConfigurations = (
				9DBAA3BC2214C58D00596344 /* Debug */,
				9DBAA3BD2214C58D00596344 /* Release */,
			);
			defaultConfigurationIsVisible = 0;
			defaultConfigurationName = Release;
		};
		9DBAA3BE2214C58D00596344 /* Build configuration list for PBXNativeTarget "Swifty-Weather" */ = {
			isa = XCConfigurationList;
			buildConfigurations = (
				9DBAA3BF2214C58D00596344 /* Debug */,
				9DBAA3C02214C58D00596344 /* Release */,
			);
			defaultConfigurationIsVisible = 0;
			defaultConfigurationName = Release;
		};
/* End XCConfigurationList section */
	};
	rootObject = 9DBAA3A42214C58900596344 /* Project object */;
}
